
Microsoft Visual Studio Solution File, Format Version 12.00
# Visual Studio Version 16
VisualStudioVersion = 16.0.29920.165
MinimumVisualStudioVersion = 10.0.40219.1
Project("{9A19103F-16F7-4668-BE54-9A1E7A4F7556}") = "WinQuestion", "WinQuestion\WinQuestion.csproj", "{E506D224-4E6D-45E9-B7FD-80981E54E7C9}"
EndProject
Project("{9A19103F-16F7-4668-BE54-9A1E7A4F7556}") = "TestList", "TestList\TestList.csproj", "{057F6212-F0FA-4AD9-B56A-A04CE3D13F8D}"
EndProject
Project("{FAE04EC0-301F-11D3-BF4B-00C04F79EFBC}") = "MdiApplication", "MdiApplication_8\MdiApplication.csproj", "{45597041-C6FC-4D25-BB89-A528AF2FBF9E}"
EndProject
Global
	GlobalSection(SolutionConfigurationPlatforms) = preSolution
		Debug|Any CPU = Debug|Any CPU
		Release|Any CPU = Release|Any CPU
	EndGlobalSection
	GlobalSection(ProjectConfigurationPlatforms) = postSolution
		{E506D224-4E6D-45E9-B7FD-80981E54E7C9}.Debug|Any CPU.ActiveCfg = Debug|Any CPU
		{E506D224-4E6D-45E9-B7FD-80981E54E7C9}.Debug|Any CPU.Build.0 = Debug|Any CPU
		{E506D224-4E6D-45E9-B7FD-80981E54E7C9}.Release|Any CPU.ActiveCfg = Release|Any CPU
		{E506D224-4E6D-45E9-B7FD-80981E54E7C9}.Release|Any CPU.Build.0 = Release|Any CPU
		{057F6212-F0FA-4AD9-B56A-A04CE3D13F8D}.Debug|Any CPU.ActiveCfg = Debug|Any CPU
		{057F6212-F0FA-4AD9-B56A-A04CE3D13F8D}.Debug|Any CPU.Build.0 = Debug|Any CPU
		{057F6212-F0FA-4AD9-B56A-A04CE3D13F8D}.Release|Any CPU.ActiveCfg = Release|Any CPU
		{057F6212-F0FA-4AD9-B56A-A04CE3D13F8D}.Release|Any CPU.Build.0 = Release|Any CPU
		{45597041-C6FC-4D25-BB89-A528AF2FBF9E}.Debug|Any CPU.ActiveCfg = Debug|Any CPU
		{45597041-C6FC-4D25-BB89-A528AF2FBF9E}.Debug|Any CPU.Build.0 = Debug|Any CPU
		{45597041-C6FC-4D25-BB89-A528AF2FBF9E}.Release|Any CPU.ActiveCfg = Release|Any CPU
		{45597041-C6FC-4D25-BB89-A528AF2FBF9E}.Release|Any CPU.Build.0 = Release|Any CPU
	EndGlobalSection
	GlobalSection(SolutionProperties) = preSolution
		HideSolutionNode = FALSE
	EndGlobalSection
	GlobalSection(ExtensibilityGlobals) = postSolution
		SolutionGuid = {DE6854DC-DDBE-4C7E-9AD4-90663B4988A3}
	EndGlobalSection
EndGlobal
