
Microsoft Visual Studio Solution File, Format Version 12.00
# Visual Studio Version 16
VisualStudioVersion = 16.0.29920.165
MinimumVisualStudioVersion = 10.0.40219.1
Project("{FAE04EC0-301F-11D3-BF4B-00C04F79EFBC}") = "MdiApplication", "MdiApplication\MdiApplication.csproj", "{45597041-C6FC-4D25-BB89-A528AF2FBF9E}"
EndProject
Project("{9A19103F-16F7-4668-BE54-9A1E7A4F7556}") = "Additional", "Additional\Additional.csproj", "{A0F60D4C-FCE4-41D5-9394-0948F4C1D4B8}"
EndProject
Global
	GlobalSection(SolutionConfigurationPlatforms) = preSolution
		Debug|Any CPU = Debug|Any CPU
		Release|Any CPU = Release|Any CPU
	EndGlobalSection
	GlobalSection(ProjectConfigurationPlatforms) = postSolution
		{45597041-C6FC-4D25-BB89-A528AF2FBF9E}.Debug|Any CPU.ActiveCfg = Debug|Any CPU
		{45597041-C6FC-4D25-BB89-A528AF2FBF9E}.Debug|Any CPU.Build.0 = Debug|Any CPU
		{45597041-C6FC-4D25-BB89-A528AF2FBF9E}.Release|Any CPU.ActiveCfg = Release|Any CPU
		{45597041-C6FC-4D25-BB89-A528AF2FBF9E}.Release|Any CPU.Build.0 = Release|Any CPU
		{A0F60D4C-FCE4-41D5-9394-0948F4C1D4B8}.Debug|Any CPU.ActiveCfg = Debug|Any CPU
		{A0F60D4C-FCE4-41D5-9394-0948F4C1D4B8}.Debug|Any CPU.Build.0 = Debug|Any CPU
		{A0F60D4C-FCE4-41D5-9394-0948F4C1D4B8}.Release|Any CPU.ActiveCfg = Release|Any CPU
		{A0F60D4C-FCE4-41D5-9394-0948F4C1D4B8}.Release|Any CPU.Build.0 = Release|Any CPU
	EndGlobalSection
	GlobalSection(SolutionProperties) = preSolution
		HideSolutionNode = FALSE
	EndGlobalSection
	GlobalSection(ExtensibilityGlobals) = postSolution
		SolutionGuid = {DE6854DC-DDBE-4C7E-9AD4-90663B4988A3}
	EndGlobalSection
EndGlobal
